
Microsoft Visual Studio Solution File, Format Version 12.00
# Visual Studio Version 17
VisualStudioVersion = 17.3.32901.215
MinimumVisualStudioVersion = 10.0.40219.1
Project("{FAE04EC0-301F-11D3-BF4B-00C04F79EFBC}") = "ornekk12", "ornekk12\ornekk12.csproj", "{8859EE76-62B0-4C1A-90F7-4EB9AF4193F0}"
EndProject
Global
	GlobalSection(SolutionConfigurationPlatforms) = preSolution
		Debug|Any CPU = Debug|Any CPU
		Release|Any CPU = Release|Any CPU
	EndGlobalSection
	GlobalSection(ProjectConfigurationPlatforms) = postSolution
		{8859EE76-62B0-4C1A-90F7-4EB9AF4193F0}.Debug|Any CPU.ActiveCfg = Debug|Any CPU
		{8859EE76-62B0-4C1A-90F7-4EB9AF4193F0}.Debug|Any CPU.Build.0 = Debug|Any CPU
		{8859EE76-62B0-4C1A-90F7-4EB9AF4193F0}.Release|Any CPU.ActiveCfg = Release|Any CPU
		{8859EE76-62B0-4C1A-90F7-4EB9AF4193F0}.Release|Any CPU.Build.0 = Release|Any CPU
	EndGlobalSection
	GlobalSection(SolutionProperties) = preSolution
		HideSolutionNode = FALSE
	EndGlobalSection
	GlobalSection(ExtensibilityGlobals) = postSolution
		SolutionGuid = {8F482EE2-7B4E-458A-8E2D-602CD1736821}
	EndGlobalSection
EndGlobal
